
Microsoft Visual Studio Solution File, Format Version 12.00
# Visual Studio Version 16
VisualStudioVersion = 16.0.31624.102
MinimumVisualStudioVersion = 10.0.40219.1
Project("{2150E333-8FDC-42A3-9474-1A3956D46DE8}") = "src", "src", "{6001A526-0264-425C-875A-BF114ECDF668}"
EndProject
Project("{2150E333-8FDC-42A3-9474-1A3956D46DE8}") = "Shared", "Shared", "{AFF59E78-30D9-4CFF-99A5-9ADC69C511AC}"
EndProject
Project("{2150E333-8FDC-42A3-9474-1A3956D46DE8}") = "Services", "Services", "{D6F5B5E8-7535-4E96-BA54-B7A63274BFA4}"
EndProject
Project("{2150E333-8FDC-42A3-9474-1A3956D46DE8}") = "API Geo", "API Geo", "{704FC1F4-33C3-4D02-B234-9BA3A4CD32EF}"
EndProject
Project("{2150E333-8FDC-42A3-9474-1A3956D46DE8}") = "Geocodificador", "Geocodificador", "{B6633B70-B3D5-4E01-9744-D5305159D322}"
EndProject
Project("{9A19103F-16F7-4668-BE54-9A1E7A4F7556}") = "API", "APIGeov2\API.csproj", "{59749523-578D-48E5-BF51-31906C85E39C}"
EndProject
Project("{2150E333-8FDC-42A3-9474-1A3956D46DE8}") = "EventBus", "EventBus", "{F515ED01-EEC7-44BB-B436-8EB0221B0495}"
EndProject
Project("{9A19103F-16F7-4668-BE54-9A1E7A4F7556}") = "EventBusv2", "EventBusv2\EventBusv2.csproj", "{EDCFDA41-F198-43F1-AA5D-95D2D3B37C57}"
EndProject
Project("{9A19103F-16F7-4668-BE54-9A1E7A4F7556}") = "RabbitMQEventBus", "RabbitMQEventBus\RabbitMQEventBus.csproj", "{5F3985BB-2CCD-4D45-9B5A-A77D9C5EBB88}"
EndProject
Project("{9A19103F-16F7-4668-BE54-9A1E7A4F7556}") = "Geocodificador", "Geolocalizador\Geocodificador.csproj", "{8E144C75-5E67-49F3-8F6F-551B3E1A97BB}"
EndProject
Global
	GlobalSection(SolutionConfigurationPlatforms) = preSolution
		Debug|Any CPU = Debug|Any CPU
		Release|Any CPU = Release|Any CPU
	EndGlobalSection
	GlobalSection(ProjectConfigurationPlatforms) = postSolution
		{59749523-578D-48E5-BF51-31906C85E39C}.Debug|Any CPU.ActiveCfg = Debug|Any CPU
		{59749523-578D-48E5-BF51-31906C85E39C}.Debug|Any CPU.Build.0 = Debug|Any CPU
		{59749523-578D-48E5-BF51-31906C85E39C}.Release|Any CPU.ActiveCfg = Release|Any CPU
		{59749523-578D-48E5-BF51-31906C85E39C}.Release|Any CPU.Build.0 = Release|Any CPU
		{EDCFDA41-F198-43F1-AA5D-95D2D3B37C57}.Debug|Any CPU.ActiveCfg = Debug|Any CPU
		{EDCFDA41-F198-43F1-AA5D-95D2D3B37C57}.Debug|Any CPU.Build.0 = Debug|Any CPU
		{EDCFDA41-F198-43F1-AA5D-95D2D3B37C57}.Release|Any CPU.ActiveCfg = Release|Any CPU
		{EDCFDA41-F198-43F1-AA5D-95D2D3B37C57}.Release|Any CPU.Build.0 = Release|Any CPU
		{5F3985BB-2CCD-4D45-9B5A-A77D9C5EBB88}.Debug|Any CPU.ActiveCfg = Debug|Any CPU
		{5F3985BB-2CCD-4D45-9B5A-A77D9C5EBB88}.Debug|Any CPU.Build.0 = Debug|Any CPU
		{5F3985BB-2CCD-4D45-9B5A-A77D9C5EBB88}.Release|Any CPU.ActiveCfg = Release|Any CPU
		{5F3985BB-2CCD-4D45-9B5A-A77D9C5EBB88}.Release|Any CPU.Build.0 = Release|Any CPU
		{8E144C75-5E67-49F3-8F6F-551B3E1A97BB}.Debug|Any CPU.ActiveCfg = Debug|Any CPU
		{8E144C75-5E67-49F3-8F6F-551B3E1A97BB}.Debug|Any CPU.Build.0 = Debug|Any CPU
		{8E144C75-5E67-49F3-8F6F-551B3E1A97BB}.Release|Any CPU.ActiveCfg = Release|Any CPU
		{8E144C75-5E67-49F3-8F6F-551B3E1A97BB}.Release|Any CPU.Build.0 = Release|Any CPU
	EndGlobalSection
	GlobalSection(SolutionProperties) = preSolution
		HideSolutionNode = FALSE
	EndGlobalSection
	GlobalSection(NestedProjects) = preSolution
		{AFF59E78-30D9-4CFF-99A5-9ADC69C511AC} = {6001A526-0264-425C-875A-BF114ECDF668}
		{D6F5B5E8-7535-4E96-BA54-B7A63274BFA4} = {6001A526-0264-425C-875A-BF114ECDF668}
		{704FC1F4-33C3-4D02-B234-9BA3A4CD32EF} = {D6F5B5E8-7535-4E96-BA54-B7A63274BFA4}
		{B6633B70-B3D5-4E01-9744-D5305159D322} = {D6F5B5E8-7535-4E96-BA54-B7A63274BFA4}
		{59749523-578D-48E5-BF51-31906C85E39C} = {704FC1F4-33C3-4D02-B234-9BA3A4CD32EF}
		{F515ED01-EEC7-44BB-B436-8EB0221B0495} = {AFF59E78-30D9-4CFF-99A5-9ADC69C511AC}
		{EDCFDA41-F198-43F1-AA5D-95D2D3B37C57} = {F515ED01-EEC7-44BB-B436-8EB0221B0495}
		{5F3985BB-2CCD-4D45-9B5A-A77D9C5EBB88} = {F515ED01-EEC7-44BB-B436-8EB0221B0495}
		{8E144C75-5E67-49F3-8F6F-551B3E1A97BB} = {B6633B70-B3D5-4E01-9744-D5305159D322}
	EndGlobalSection
	GlobalSection(ExtensibilityGlobals) = postSolution
		SolutionGuid = {799B5FD2-71C1-4617-962A-7FA489672388}
	EndGlobalSection
EndGlobal
